
Microsoft Visual Studio Solution File, Format Version 12.00
# Visual Studio Version 16
VisualStudioVersion = 16.0.31729.503
MinimumVisualStudioVersion = 10.0.40219.1
Project("{FAE04EC0-301F-11D3-BF4B-00C04F79EFBC}") = "SerialAudioVisualizer", "SerialAudioVisualizer\SerialAudioVisualizer.csproj", "{74D7F8F6-5E49-4222-A24A-C688C1091797}"
EndProject
Global
	GlobalSection(SolutionConfigurationPlatforms) = preSolution
		Debug|Any CPU = Debug|Any CPU
		Release|Any CPU = Release|Any CPU
	EndGlobalSection
	GlobalSection(ProjectConfigurationPlatforms) = postSolution
		{74D7F8F6-5E49-4222-A24A-C688C1091797}.Debug|Any CPU.ActiveCfg = Debug|Any CPU
		{74D7F8F6-5E49-4222-A24A-C688C1091797}.Debug|Any CPU.Build.0 = Debug|Any CPU
		{74D7F8F6-5E49-4222-A24A-C688C1091797}.Release|Any CPU.ActiveCfg = Release|Any CPU
		{74D7F8F6-5E49-4222-A24A-C688C1091797}.Release|Any CPU.Build.0 = Release|Any CPU
	EndGlobalSection
	GlobalSection(SolutionProperties) = preSolution
		HideSolutionNode = FALSE
	EndGlobalSection
	GlobalSection(ExtensibilityGlobals) = postSolution
		SolutionGuid = {B2CFD156-EAF2-427C-9BE3-4A645E57DA39}
	EndGlobalSection
EndGlobal
